// !$*UTF8*$!
{
	archiveVersion = 1;
	classes = {
	};
	objectVersion = 46;
	objects = {

/* Begin PBXBuildFile section */
		E8DC3D581B308CDD009B87E1 /* AppDelegate.swift in Sources */ = {isa = PBXBuildFile; fileRef = E8DC3D571B308CDD009B87E1 /* AppDelegate.swift */; };
		E8DC3D5B1B308CDD009B87E1 /* RPI_Automation.xcdatamodeld in Sources */ = {isa = PBXBuildFile; fileRef = E8DC3D591B308CDD009B87E1 /* RPI_Automation.xcdatamodeld */; };
		E8DC3D5D1B308CDD009B87E1 /* ViewController.swift in Sources */ = {isa = PBXBuildFile; fileRef = E8DC3D5C1B308CDD009B87E1 /* ViewController.swift */; };
		E8DC3D601B308CDD009B87E1 /* Main.storyboard in Resources */ = {isa = PBXBuildFile; fileRef = E8DC3D5E1B308CDD009B87E1 /* Main.storyboard */; };
		E8DC3D621B308CDD009B87E1 /* Images.xcassets in Resources */ = {isa = PBXBuildFile; fileRef = E8DC3D611B308CDD009B87E1 /* Images.xcassets */; };
		E8DC3D651B308CDD009B87E1 /* LaunchScreen.xib in Resources */ = {isa = PBXBuildFile; fileRef = E8DC3D631B308CDD009B87E1 /* LaunchScreen.xib */; };
		E8DC3D711B308CDD009B87E1 /* RPI_AutomationTests.swift in Sources */ = {isa = PBXBuildFile; fileRef = E8DC3D701B308CDD009B87E1 /* RPI_AutomationTests.swift */; };
		E8DC3D7B1B30987E009B87E1 /* HTTPManager.swift in Sources */ = {isa = PBXBuildFile; fileRef = E8DC3D7A1B30987E009B87E1 /* HTTPManager.swift */; };
		E8DC3D911B309F13009B87E1 /* RequestsManager.swift in Sources */ = {isa = PBXBuildFile; fileRef = E8DC3D901B309F13009B87E1 /* RequestsManager.swift */; };
		E8DC3D931B309F32009B87E1 /* Request.swift in Sources */ = {isa = PBXBuildFile; fileRef = E8DC3D921B309F32009B87E1 /* Request.swift */; };
		E8DC3D9B1B30A70E009B87E1 /* NotificationCenter.framework in Frameworks */ = {isa = PBXBuildFile; fileRef = E8DC3D9A1B30A70E009B87E1 /* NotificationCenter.framework */; };
		E8DC3DA01B30A70E009B87E1 /* TodayViewController.swift in Sources */ = {isa = PBXBuildFile; fileRef = E8DC3D9F1B30A70E009B87E1 /* TodayViewController.swift */; };
		E8DC3DA21B30A70E009B87E1 /* MainInterface.storyboard in Resources */ = {isa = PBXBuildFile; fileRef = E8DC3DA11B30A70E009B87E1 /* MainInterface.storyboard */; };
		E8DC3DA51B30A70E009B87E1 /* RPI-Automation-CCExtension.appex in Embed App Extensions */ = {isa = PBXBuildFile; fileRef = E8DC3D981B30A70E009B87E1 /* RPI-Automation-CCExtension.appex */; settings = {ATTRIBUTES = (RemoveHeadersOnCopy, ); }; };
/* End PBXBuildFile section */

/* Begin PBXContainerItemProxy section */
		E8DC3D6B1B308CDD009B87E1 /* PBXContainerItemProxy */ = {
			isa = PBXContainerItemProxy;
			containerPortal = E8DC3D4A1B308CDD009B87E1 /* Project object */;
			proxyType = 1;
			remoteGlobalIDString = E8DC3D511B308CDD009B87E1;
			remoteInfo = "RPI-Automation";
		};
		E8DC3DA31B30A70E009B87E1 /* PBXContainerItemProxy */ = {
			isa = PBXContainerItemProxy;
			containerPortal = E8DC3D4A1B308CDD009B87E1 /* Project object */;
			proxyType = 1;
			remoteGlobalIDString = E8DC3D971B30A70E009B87E1;
			remoteInfo = "RPI-Automation-CCExtension";
		};
/* End PBXContainerItemProxy section */

/* Begin PBXCopyFilesBuildPhase section */
		E8DC3DA91B30A70E009B87E1 /* Embed App Extensions */ = {
			isa = PBXCopyFilesBuildPhase;
			buildActionMask = 2147483647;
			dstPath = "";
			dstSubfolderSpec = 13;
			files = (
				E8DC3DA51B30A70E009B87E1 /* RPI-Automation-CCExtension.appex in Embed App Extensions */,
			);
			name = "Embed App Extensions";
			runOnlyForDeploymentPostprocessing = 0;
		};
/* End PBXCopyFilesBuildPhase section */

/* Begin PBXFileReference section */
		E8DC3D521B308CDD009B87E1 /* RPI-Automation.app */ = {isa = PBXFileReference; explicitFileType = wrapper.application; includeInIndex = 0; path = "RPI-Automation.app"; sourceTree = BUILT_PRODUCTS_DIR; };
		E8DC3D561B308CDD009B87E1 /* Info.plist */ = {isa = PBXFileReference; lastKnownFileType = text.plist.xml; path = Info.plist; sourceTree = "<group>"; };
		E8DC3D571B308CDD009B87E1 /* AppDelegate.swift */ = {isa = PBXFileReference; lastKnownFileType = sourcecode.swift; path = AppDelegate.swift; sourceTree = "<group>"; };
		E8DC3D5A1B308CDD009B87E1 /* RPI_Automation.xcdatamodel */ = {isa = PBXFileReference; lastKnownFileType = wrapper.xcdatamodel; path = RPI_Automation.xcdatamodel; sourceTree = "<group>"; };
		E8DC3D5C1B308CDD009B87E1 /* ViewController.swift */ = {isa = PBXFileReference; lastKnownFileType = sourcecode.swift; path = ViewController.swift; sourceTree = "<group>"; };
		E8DC3D5F1B308CDD009B87E1 /* Base */ = {isa = PBXFileReference; lastKnownFileType = file.storyboard; name = Base; path = Base.lproj/Main.storyboard; sourceTree = "<group>"; };
		E8DC3D611B308CDD009B87E1 /* Images.xcassets */ = {isa = PBXFileReference; lastKnownFileType = folder.assetcatalog; path = Images.xcassets; sourceTree = "<group>"; };
		E8DC3D641B308CDD009B87E1 /* Base */ = {isa = PBXFileReference; lastKnownFileType = file.xib; name = Base; path = Base.lproj/LaunchScreen.xib; sourceTree = "<group>"; };
		E8DC3D6A1B308CDD009B87E1 /* RPI-AutomationTests.xctest */ = {isa = PBXFileReference; explicitFileType = wrapper.cfbundle; includeInIndex = 0; path = "RPI-AutomationTests.xctest"; sourceTree = BUILT_PRODUCTS_DIR; };
		E8DC3D6F1B308CDD009B87E1 /* Info.plist */ = {isa = PBXFileReference; lastKnownFileType = text.plist.xml; path = Info.plist; sourceTree = "<group>"; };
		E8DC3D701B308CDD009B87E1 /* RPI_AutomationTests.swift */ = {isa = PBXFileReference; lastKnownFileType = sourcecode.swift; path = RPI_AutomationTests.swift; sourceTree = "<group>"; };
		E8DC3D7A1B30987E009B87E1 /* HTTPManager.swift */ = {isa = PBXFileReference; fileEncoding = 4; lastKnownFileType = sourcecode.swift; path = HTTPManager.swift; sourceTree = "<group>"; };
		E8DC3D901B309F13009B87E1 /* RequestsManager.swift */ = {isa = PBXFileReference; fileEncoding = 4; lastKnownFileType = sourcecode.swift; path = RequestsManager.swift; sourceTree = "<group>"; };
		E8DC3D921B309F32009B87E1 /* Request.swift */ = {isa = PBXFileReference; fileEncoding = 4; lastKnownFileType = sourcecode.swift; path = Request.swift; sourceTree = "<group>"; };
		E8DC3D981B30A70E009B87E1 /* RPI-Automation-CCExtension.appex */ = {isa = PBXFileReference; explicitFileType = "wrapper.app-extension"; includeInIndex = 0; path = "RPI-Automation-CCExtension.appex"; sourceTree = BUILT_PRODUCTS_DIR; };
		E8DC3D9A1B30A70E009B87E1 /* NotificationCenter.framework */ = {isa = PBXFileReference; lastKnownFileType = wrapper.framework; name = NotificationCenter.framework; path = System/Library/Frameworks/NotificationCenter.framework; sourceTree = SDKROOT; };
		E8DC3D9E1B30A70E009B87E1 /* Info.plist */ = {isa = PBXFileReference; lastKnownFileType = text.plist.xml; path = Info.plist; sourceTree = "<group>"; };
		E8DC3D9F1B30A70E009B87E1 /* TodayViewController.swift */ = {isa = PBXFileReference; lastKnownFileType = sourcecode.swift; path = TodayViewController.swift; sourceTree = "<group>"; };
		E8DC3DA11B30A70E009B87E1 /* MainInterface.storyboard */ = {isa = PBXFileReference; lastKnownFileType = file.storyboard; path = MainInterface.storyboard; sourceTree = "<group>"; };
/* End PBXFileReference section */

/* Begin PBXFrameworksBuildPhase section */
		E8DC3D4F1B308CDD009B87E1 /* Frameworks */ = {
			isa = PBXFrameworksBuildPhase;
			buildActionMask = 2147483647;
			files = (
			);
			runOnlyForDeploymentPostprocessing = 0;
		};
		E8DC3D671B308CDD009B87E1 /* Frameworks */ = {
			isa = PBXFrameworksBuildPhase;
			buildActionMask = 2147483647;
			files = (
			);
			runOnlyForDeploymentPostprocessing = 0;
		};
		E8DC3D951B30A70E009B87E1 /* Frameworks */ = {
			isa = PBXFrameworksBuildPhase;
			buildActionMask = 2147483647;
			files = (
				E8DC3D9B1B30A70E009B87E1 /* NotificationCenter.framework in Frameworks */,
			);
			runOnlyForDeploymentPostprocessing = 0;
		};
/* End PBXFrameworksBuildPhase section */

/* Begin PBXGroup section */
		E8DC3D491B308CDD009B87E1 = {
			isa = PBXGroup;
			children = (
				E8DC3D541B308CDD009B87E1 /* RPI-Automation */,
				E8DC3D6D1B308CDD009B87E1 /* RPI-AutomationTests */,
				E8DC3D9C1B30A70E009B87E1 /* RPI-Automation-CCExtension */,
				E8DC3D991B30A70E009B87E1 /* Frameworks */,
				E8DC3D531B308CDD009B87E1 /* Products */,
			);
			sourceTree = "<group>";
		};
		E8DC3D531B308CDD009B87E1 /* Products */ = {
			isa = PBXGroup;
			children = (
				E8DC3D521B308CDD009B87E1 /* RPI-Automation.app */,
				E8DC3D6A1B308CDD009B87E1 /* RPI-AutomationTests.xctest */,
				E8DC3D981B30A70E009B87E1 /* RPI-Automation-CCExtension.appex */,
			);
			name = Products;
			sourceTree = "<group>";
		};
		E8DC3D541B308CDD009B87E1 /* RPI-Automation */ = {
			isa = PBXGroup;
			children = (
				E8DC3D571B308CDD009B87E1 /* AppDelegate.swift */,
				E8DC3D5C1B308CDD009B87E1 /* ViewController.swift */,
				E8DC3D5E1B308CDD009B87E1 /* Main.storyboard */,
				E8DC3D611B308CDD009B87E1 /* Images.xcassets */,
				E8DC3D631B308CDD009B87E1 /* LaunchScreen.xib */,
				E8DC3D591B308CDD009B87E1 /* RPI_Automation.xcdatamodeld */,
				E8DC3D551B308CDD009B87E1 /* Supporting Files */,
				E8DC3D7A1B30987E009B87E1 /* HTTPManager.swift */,
				E8DC3D901B309F13009B87E1 /* RequestsManager.swift */,
				E8DC3D921B309F32009B87E1 /* Request.swift */,
			);
			path = "RPI-Automation";
			sourceTree = "<group>";
		};
		E8DC3D551B308CDD009B87E1 /* Supporting Files */ = {
			isa = PBXGroup;
			children = (
				E8DC3D561B308CDD009B87E1 /* Info.plist */,
			);
			name = "Supporting Files";
			sourceTree = "<group>";
		};
		E8DC3D6D1B308CDD009B87E1 /* RPI-AutomationTests */ = {
			isa = PBXGroup;
			children = (
				E8DC3D701B308CDD009B87E1 /* RPI_AutomationTests.swift */,
				E8DC3D6E1B308CDD009B87E1 /* Supporting Files */,
			);
			path = "RPI-AutomationTests";
			sourceTree = "<group>";
		};
		E8DC3D6E1B308CDD009B87E1 /* Supporting Files */ = {
			isa = PBXGroup;
			children = (
				E8DC3D6F1B308CDD009B87E1 /* Info.plist */,
			);
			name = "Supporting Files";
			sourceTree = "<group>";
		};
		E8DC3D991B30A70E009B87E1 /* Frameworks */ = {
			isa = PBXGroup;
			children = (
				E8DC3D9A1B30A70E009B87E1 /* NotificationCenter.framework */,
			);
			name = Frameworks;
			sourceTree = "<group>";
		};
		E8DC3D9C1B30A70E009B87E1 /* RPI-Automation-CCExtension */ = {
			isa = PBXGroup;
			children = (
				E8DC3D9F1B30A70E009B87E1 /* TodayViewController.swift */,
				E8DC3DA11B30A70E009B87E1 /* MainInterface.storyboard */,
				E8DC3D9D1B30A70E009B87E1 /* Supporting Files */,
			);
			path = "RPI-Automation-CCExtension";
			sourceTree = "<group>";
		};
		E8DC3D9D1B30A70E009B87E1 /* Supporting Files */ = {
			isa = PBXGroup;
			children = (
				E8DC3D9E1B30A70E009B87E1 /* Info.plist */,
			);
			name = "Supporting Files";
			sourceTree = "<group>";
		};
/* End PBXGroup section */

/* Begin PBXNativeTarget section */
		E8DC3D511B308CDD009B87E1 /* RPI-Automation */ = {
			isa = PBXNativeTarget;
			buildConfigurationList = E8DC3D741B308CDD009B87E1 /* Build configuration list for PBXNativeTarget "RPI-Automation" */;
			buildPhases = (
				E8DC3D4E1B308CDD009B87E1 /* Sources */,
				E8DC3D4F1B308CDD009B87E1 /* Frameworks */,
				E8DC3D501B308CDD009B87E1 /* Resources */,
				E8DC3DA91B30A70E009B87E1 /* Embed App Extensions */,
			);
			buildRules = (
			);
			dependencies = (
				E8DC3DA41B30A70E009B87E1 /* PBXTargetDependency */,
			);
			name = "RPI-Automation";
			productName = "RPI-Automation";
			productReference = E8DC3D521B308CDD009B87E1 /* RPI-Automation.app */;
			productType = "com.apple.product-type.application";
		};
		E8DC3D691B308CDD009B87E1 /* RPI-AutomationTests */ = {
			isa = PBXNativeTarget;
			buildConfigurationList = E8DC3D771B308CDD009B87E1 /* Build configuration list for PBXNativeTarget "RPI-AutomationTests" */;
			buildPhases = (
				E8DC3D661B308CDD009B87E1 /* Sources */,
				E8DC3D671B308CDD009B87E1 /* Frameworks */,
				E8DC3D681B308CDD009B87E1 /* Resources */,
			);
			buildRules = (
			);
			dependencies = (
				E8DC3D6C1B308CDD009B87E1 /* PBXTargetDependency */,
			);
			name = "RPI-AutomationTests";
			productName = "RPI-AutomationTests";
			productReference = E8DC3D6A1B308CDD009B87E1 /* RPI-AutomationTests.xctest */;
			productType = "com.apple.product-type.bundle.unit-test";
		};
		E8DC3D971B30A70E009B87E1 /* RPI-Automation-CCExtension */ = {
			isa = PBXNativeTarget;
			buildConfigurationList = E8DC3DA61B30A70E009B87E1 /* Build configuration list for PBXNativeTarget "RPI-Automation-CCExtension" */;
			buildPhases = (
				E8DC3D941B30A70E009B87E1 /* Sources */,
				E8DC3D951B30A70E009B87E1 /* Frameworks */,
				E8DC3D961B30A70E009B87E1 /* Resources */,
			);
			buildRules = (
			);
			dependencies = (
			);
			name = "RPI-Automation-CCExtension";
			productName = "RPI-Automation-CCExtension";
			productReference = E8DC3D981B30A70E009B87E1 /* RPI-Automation-CCExtension.appex */;
			productType = "com.apple.product-type.app-extension";
		};
/* End PBXNativeTarget section */

/* Begin PBXProject section */
		E8DC3D4A1B308CDD009B87E1 /* Project object */ = {
			isa = PBXProject;
			attributes = {
				LastUpgradeCheck = 0630;
				ORGANIZATIONNAME = "bancarel valentin";
				TargetAttributes = {
					E8DC3D511B308CDD009B87E1 = {
						CreatedOnToolsVersion = 6.3.2;
					};
					E8DC3D691B308CDD009B87E1 = {
						CreatedOnToolsVersion = 6.3.2;
						TestTargetID = E8DC3D511B308CDD009B87E1;
					};
					E8DC3D971B30A70E009B87E1 = {
						CreatedOnToolsVersion = 6.3.2;
					};
				};
			};
			buildConfigurationList = E8DC3D4D1B308CDD009B87E1 /* Build configuration list for PBXProject "RPI-Automation" */;
			compatibilityVersion = "Xcode 3.2";
			developmentRegion = English;
			hasScannedForEncodings = 0;
			knownRegions = (
				en,
				Base,
			);
			mainGroup = E8DC3D491B308CDD009B87E1;
			productRefGroup = E8DC3D531B308CDD009B87E1 /* Products */;
			projectDirPath = "";
			projectRoot = "";
			targets = (
				E8DC3D511B308CDD009B87E1 /* RPI-Automation */,
				E8DC3D691B308CDD009B87E1 /* RPI-AutomationTests */,
				E8DC3D971B30A70E009B87E1 /* RPI-Automation-CCExtension */,
			);
		};
/* End PBXProject section */

/* Begin PBXResourcesBuildPhase section */
		E8DC3D501B308CDD009B87E1 /* Resources */ = {
			isa = PBXResourcesBuildPhase;
			buildActionMask = 2147483647;
			files = (
				E8DC3D601B308CDD009B87E1 /* Main.storyboard in Resources */,
				E8DC3D651B308CDD009B87E1 /* LaunchScreen.xib in Resources */,
				E8DC3D621B308CDD009B87E1 /* Images.xcassets in Resources */,
			);
			runOnlyForDeploymentPostprocessing = 0;
		};
		E8DC3D681B308CDD009B87E1 /* Resources */ = {
			isa = PBXResourcesBuildPhase;
			buildActionMask = 2147483647;
			files = (
			);
			runOnlyForDeploymentPostprocessing = 0;
		};
		E8DC3D961B30A70E009B87E1 /* Resources */ = {
			isa = PBXResourcesBuildPhase;
			buildActionMask = 2147483647;
			files = (
				E8DC3DA21B30A70E009B87E1 /* MainInterface.storyboard in Resources */,
			);
			runOnlyForDeploymentPostprocessing = 0;
		};
/* End PBXResourcesBuildPhase section */

/* Begin PBXSourcesBuildPhase section */
		E8DC3D4E1B308CDD009B87E1 /* Sources */ = {
			isa = PBXSourcesBuildPhase;
			buildActionMask = 2147483647;
			files = (
				E8DC3D911B309F13009B87E1 /* RequestsManager.swift in Sources */,
				E8DC3D5D1B308CDD009B87E1 /* ViewController.swift in Sources */,
				E8DC3D5B1B308CDD009B87E1 /* RPI_Automation.xcdatamodeld in Sources */,
				E8DC3D581B308CDD009B87E1 /* AppDelegate.swift in Sources */,
				E8DC3D7B1B30987E009B87E1 /* HTTPManager.swift in Sources */,
				E8DC3D931B309F32009B87E1 /* Request.swift in Sources */,
			);
			runOnlyForDeploymentPostprocessing = 0;
		};
		E8DC3D661B308CDD009B87E1 /* Sources */ = {
			isa = PBXSourcesBuildPhase;
			buildActionMask = 2147483647;
			files = (
				E8DC3D711B308CDD009B87E1 /* RPI_AutomationTests.swift in Sources */,
			);
			runOnlyForDeploymentPostprocessing = 0;
		};
		E8DC3D941B30A70E009B87E1 /* Sources */ = {
			isa = PBXSourcesBuildPhase;
			buildActionMask = 2147483647;
			files = (
				E8DC3DA01B30A70E009B87E1 /* TodayViewController.swift in Sources */,
			);
			runOnlyForDeploymentPostprocessing = 0;
		};
/* End PBXSourcesBuildPhase section */

/* Begin PBXTargetDependency section */
		E8DC3D6C1B308CDD009B87E1 /* PBXTargetDependency */ = {
			isa = PBXTargetDependency;
			target = E8DC3D511B308CDD009B87E1 /* RPI-Automation */;
			targetProxy = E8DC3D6B1B308CDD009B87E1 /* PBXContainerItemProxy */;
		};
		E8DC3DA41B30A70E009B87E1 /* PBXTargetDependency */ = {
			isa = PBXTargetDependency;
			target = E8DC3D971B30A70E009B87E1 /* RPI-Automation-CCExtension */;
			targetProxy = E8DC3DA31B30A70E009B87E1 /* PBXContainerItemProxy */;
		};
/* End PBXTargetDependency section */

/* Begin PBXVariantGroup section */
		E8DC3D5E1B308CDD009B87E1 /* Main.storyboard */ = {
			isa = PBXVariantGroup;
			children = (
				E8DC3D5F1B308CDD009B87E1 /* Base */,
			);
			name = Main.storyboard;
			sourceTree = "<group>";
		};
		E8DC3D631B308CDD009B87E1 /* LaunchScreen.xib */ = {
			isa = PBXVariantGroup;
			children = (
				E8DC3D641B308CDD009B87E1 /* Base */,
			);
			name = LaunchScreen.xib;
			sourceTree = "<group>";
		};
/* End PBXVariantGroup section */

/* Begin XCBuildConfiguration section */
		E8DC3D721B308CDD009B87E1 /* Debug */ = {
			isa = XCBuildConfiguration;
			buildSettings = {
				ALWAYS_SEARCH_USER_PATHS = NO;
				CLANG_CXX_LANGUAGE_STANDARD = "gnu++0x";
				CLANG_CXX_LIBRARY = "libc++";
				CLANG_ENABLE_MODULES = YES;
				CLANG_ENABLE_OBJC_ARC = YES;
				CLANG_WARN_BOOL_CONVERSION = YES;
				CLANG_WARN_CONSTANT_CONVERSION = YES;
				CLANG_WARN_DIRECT_OBJC_ISA_USAGE = YES_ERROR;
				CLANG_WARN_EMPTY_BODY = YES;
				CLANG_WARN_ENUM_CONVERSION = YES;
				CLANG_WARN_INT_CONVERSION = YES;
				CLANG_WARN_OBJC_ROOT_CLASS = YES_ERROR;
				CLANG_WARN_UNREACHABLE_CODE = YES;
				CLANG_WARN__DUPLICATE_METHOD_MATCH = YES;
				"CODE_SIGN_IDENTITY[sdk=iphoneos*]" = "iPhone Developer";
				COPY_PHASE_STRIP = NO;
				DEBUG_INFORMATION_FORMAT = "dwarf-with-dsym";
				ENABLE_STRICT_OBJC_MSGSEND = YES;
				GCC_C_LANGUAGE_STANDARD = gnu99;
				GCC_DYNAMIC_NO_PIC = NO;
				GCC_NO_COMMON_BLOCKS = YES;
				GCC_OPTIMIZATION_LEVEL = 0;
				GCC_PREPROCESSOR_DEFINITIONS = (
					"DEBUG=1",
					"$(inherited)",
				);
				GCC_SYMBOLS_PRIVATE_EXTERN = NO;
				GCC_WARN_64_TO_32_BIT_CONVERSION = YES;
				GCC_WARN_ABOUT_RETURN_TYPE = YES_ERROR;
				GCC_WARN_UNDECLARED_SELECTOR = YES;
				GCC_WARN_UNINITIALIZED_AUTOS = YES_AGGRESSIVE;
				GCC_WARN_UNUSED_FUNCTION = YES;
				GCC_WARN_UNUSED_VARIABLE = YES;
				IPHONEOS_DEPLOYMENT_TARGET = 8.3;
				MTL_ENABLE_DEBUG_INFO = YES;
				ONLY_ACTIVE_ARCH = YES;
				SDKROOT = iphoneos;
				SWIFT_OPTIMIZATION_LEVEL = "-Onone";
				TARGETED_DEVICE_FAMILY = "1,2";
			};
			name = Debug;
		};
		E8DC3D731B308CDD009B87E1 /* Release */ = {
			isa = XCBuildConfiguration;
			buildSettings = {
				ALWAYS_SEARCH_USER_PATHS = NO;
				CLANG_CXX_LANGUAGE_STANDARD = "gnu++0x";
				CLANG_CXX_LIBRARY = "libc++";
				CLANG_ENABLE_MODULES = YES;
				CLANG_ENABLE_OBJC_ARC = YES;
				CLANG_WARN_BOOL_CONVERSION = YES;
				CLANG_WARN_CONSTANT_CONVERSION = YES;
				CLANG_WARN_DIRECT_OBJC_ISA_USAGE = YES_ERROR;
				CLANG_WARN_EMPTY_BODY = YES;
				CLANG_WARN_ENUM_CONVERSION = YES;
				CLANG_WARN_INT_CONVERSION = YES;
				CLANG_WARN_OBJC_ROOT_CLASS = YES_ERROR;
				CLANG_WARN_UNREACHABLE_CODE = YES;
				CLANG_WARN__DUPLICATE_METHOD_MATCH = YES;
				"CODE_SIGN_IDENTITY[sdk=iphoneos*]" = "iPhone Developer";
				COPY_PHASE_STRIP = NO;
				DEBUG_INFORMATION_FORMAT = "dwarf-with-dsym";
				ENABLE_NS_ASSERTIONS = NO;
				ENABLE_STRICT_OBJC_MSGSEND = YES;
				GCC_C_LANGUAGE_STANDARD = gnu99;
				GCC_NO_COMMON_BLOCKS = YES;
				GCC_WARN_64_TO_32_BIT_CONVERSION = YES;
				GCC_WARN_ABOUT_RETURN_TYPE = YES_ERROR;
				GCC_WARN_UNDECLARED_SELECTOR = YES;
				GCC_WARN_UNINITIALIZED_AUTOS = YES_AGGRESSIVE;
				GCC_WARN_UNUSED_FUNCTION = YES;
				GCC_WARN_UNUSED_VARIABLE = YES;
				IPHONEOS_DEPLOYMENT_TARGET = 8.3;
				MTL_ENABLE_DEBUG_INFO = NO;
				SDKROOT = iphoneos;
				TARGETED_DEVICE_FAMILY = "1,2";
				VALIDATE_PRODUCT = YES;
			};
			name = Release;
		};
		E8DC3D751B308CDD009B87E1 /* Debug */ = {
			isa = XCBuildConfiguration;
			buildSettings = {
				ASSETCATALOG_COMPILER_APPICON_NAME = AppIcon;
				INFOPLIST_FILE = "RPI-Automation/Info.plist";
				IPHONEOS_DEPLOYMENT_TARGET = 8.0;
				LD_RUNPATH_SEARCH_PATHS = "$(inherited) @executable_path/Frameworks";
				PRODUCT_NAME = "$(TARGET_NAME)";
				TARGETED_DEVICE_FAMILY = "1,2";
			};
			name = Debug;
		};
		E8DC3D761B308CDD009B87E1 /* Release */ = {
			isa = XCBuildConfiguration;
			buildSettings = {
				ASSETCATALOG_COMPILER_APPICON_NAME = AppIcon;
				INFOPLIST_FILE = "RPI-Automation/Info.plist";
				IPHONEOS_DEPLOYMENT_TARGET = 8.0;
				LD_RUNPATH_SEARCH_PATHS = "$(inherited) @executable_path/Frameworks";
				PRODUCT_NAME = "$(TARGET_NAME)";
				TARGETED_DEVICE_FAMILY = "1,2";
			};
			name = Release;
		};
		E8DC3D781B308CDD009B87E1 /* Debug */ = {
			isa = XCBuildConfiguration;
			buildSettings = {
				BUNDLE_LOADER = "$(TEST_HOST)";
				FRAMEWORK_SEARCH_PATHS = (
					"$(SDKROOT)/Developer/Library/Frameworks",
					"$(inherited)",
				);
				GCC_PREPROCESSOR_DEFINITIONS = (
					"DEBUG=1",
					"$(inherited)",
				);
				INFOPLIST_FILE = "RPI-AutomationTests/Info.plist";
				LD_RUNPATH_SEARCH_PATHS = "$(inherited) @executable_path/Frameworks @loader_path/Frameworks";
				PRODUCT_NAME = "$(TARGET_NAME)";
				TEST_HOST = "$(BUILT_PRODUCTS_DIR)/RPI-Automation.app/RPI-Automation";
			};
			name = Debug;
		};
		E8DC3D791B308CDD009B87E1 /* Release */ = {
			isa = XCBuildConfiguration;
			buildSettings = {
				BUNDLE_LOADER = "$(TEST_HOST)";
				FRAMEWORK_SEARCH_PATHS = (
					"$(SDKROOT)/Developer/Library/Frameworks",
					"$(inherited)",
				);
				INFOPLIST_FILE = "RPI-AutomationTests/Info.plist";
				LD_RUNPATH_SEARCH_PATHS = "$(inherited) @executable_path/Frameworks @loader_path/Frameworks";
				PRODUCT_NAME = "$(TARGET_NAME)";
				TEST_HOST = "$(BUILT_PRODUCTS_DIR)/RPI-Automation.app/RPI-Automation";
			};
			name = Release;
		};
		E8DC3DA71B30A70E009B87E1 /* Debug */ = {
			isa = XCBuildConfiguration;
			buildSettings = {
				GCC_PREPROCESSOR_DEFINITIONS = (
					"DEBUG=1",
					"$(inherited)",
				);
				INFOPLIST_FILE = "RPI-Automation-CCExtension/Info.plist";
				IPHONEOS_DEPLOYMENT_TARGET = 8.0;
				LD_RUNPATH_SEARCH_PATHS = "$(inherited) @executable_path/Frameworks @executable_path/../../Frameworks";
				PRODUCT_NAME = "$(TARGET_NAME)";
				SKIP_INSTALL = YES;
			};
			name = Debug;
		};
		E8DC3DA81B30A70E009B87E1 /* Release */ = {
			isa = XCBuildConfiguration;
			buildSettings = {
				INFOPLIST_FILE = "RPI-Automation-CCExtension/Info.plist";
				IPHONEOS_DEPLOYMENT_TARGET = 8.0;
				LD_RUNPATH_SEARCH_PATHS = "$(inherited) @executable_path/Frameworks @executable_path/../../Frameworks";
				PRODUCT_NAME = "$(TARGET_NAME)";
				SKIP_INSTALL = YES;
			};
			name = Release;
		};
/* End XCBuildConfiguration section */

/* Begin XCConfigurationList section */
		E8DC3D4D1B308CDD009B87E1 /* Build configuration list for PBXProject "RPI-Automation" */ = {
			isa = XCConfigurationList;
			buildConfigurations = (
				E8DC3D721B308CDD009B87E1 /* Debug */,
				E8DC3D731B308CDD009B87E1 /* Release */,
			);
			defaultConfigurationIsVisible = 0;
			defaultConfigurationName = Release;
		};
		E8DC3D741B308CDD009B87E1 /* Build configuration list for PBXNativeTarget "RPI-Automation" */ = {
			isa = XCConfigurationList;
			buildConfigurations = (
				E8DC3D751B308CDD009B87E1 /* Debug */,
				E8DC3D761B308CDD009B87E1 /* Release */,
			);
			defaultConfigurationIsVisible = 0;
		};
		E8DC3D771B308CDD009B87E1 /* Build configuration list for PBXNativeTarget "RPI-AutomationTests" */ = {
			isa = XCConfigurationList;
			buildConfigurations = (
				E8DC3D781B308CDD009B87E1 /* Debug */,
				E8DC3D791B308CDD009B87E1 /* Release */,
			);
			defaultConfigurationIsVisible = 0;
		};
		E8DC3DA61B30A70E009B87E1 /* Build configuration list for PBXNativeTarget "RPI-Automation-CCExtension" */ = {
			isa = XCConfigurationList;
			buildConfigurations = (
				E8DC3DA71B30A70E009B87E1 /* Debug */,
				E8DC3DA81B30A70E009B87E1 /* Release */,
			);
			defaultConfigurationIsVisible = 0;
		};
/* End XCConfigurationList section */

/* Begin XCVersionGroup section */
		E8DC3D591B308CDD009B87E1 /* RPI_Automation.xcdatamodeld */ = {
			isa = XCVersionGroup;
			children = (
				E8DC3D5A1B308CDD009B87E1 /* RPI_Automation.xcdatamodel */,
			);
			currentVersion = E8DC3D5A1B308CDD009B87E1 /* RPI_Automation.xcdatamodel */;
			path = RPI_Automation.xcdatamodeld;
			sourceTree = "<group>";
			versionGroupType = wrapper.xcdatamodel;
		};
/* End XCVersionGroup section */
	};
	rootObject = E8DC3D4A1B308CDD009B87E1 /* Project object */;
}
